
Microsoft Visual Studio Solution File, Format Version 12.00
# Visual Studio Version 17
VisualStudioVersion = 17.5.002.0
MinimumVisualStudioVersion = 10.0.40219.1
Project("{9A19103F-16F7-4668-BE54-9A1E7A4F7556}") = "Remove Element leetcode problem 2", "Remove Element leetcode problem 2.csproj", "{53EE9424-41C5-43D4-ACC3-E790D2CC60CA}"
EndProject
Global
	GlobalSection(SolutionConfigurationPlatforms) = preSolution
		Debug|Any CPU = Debug|Any CPU
		Release|Any CPU = Release|Any CPU
	EndGlobalSection
	GlobalSection(ProjectConfigurationPlatforms) = postSolution
		{53EE9424-41C5-43D4-ACC3-E790D2CC60CA}.Debug|Any CPU.ActiveCfg = Debug|Any CPU
		{53EE9424-41C5-43D4-ACC3-E790D2CC60CA}.Debug|Any CPU.Build.0 = Debug|Any CPU
		{53EE9424-41C5-43D4-ACC3-E790D2CC60CA}.Release|Any CPU.ActiveCfg = Release|Any CPU
		{53EE9424-41C5-43D4-ACC3-E790D2CC60CA}.Release|Any CPU.Build.0 = Release|Any CPU
	EndGlobalSection
	GlobalSection(SolutionProperties) = preSolution
		HideSolutionNode = FALSE
	EndGlobalSection
	GlobalSection(ExtensibilityGlobals) = postSolution
		SolutionGuid = {67181190-963D-43FF-A1A6-C27C5DCAC96B}
	EndGlobalSection
EndGlobal
